<?xml version="1.0" encoding="UTF-8" standalone="yes" ?>
<CodeBlocks_project_file>
	<FileVersion major="1" minor="6" />
	<Project>
		<Option title="hgrinder" />
		<Option pch_mode="2" />
		<Option compiler="gcc" />
		<Build>
			<Target title="Debug">
				<Option output="bin/Debug/hgrinder" prefix_auto="1" extension_auto="1" />
				<Option object_output="obj/Debug/" />
				<Option type="1" />
				<Option compiler="gcc" />
				<Compiler>
					<Add option="-g" />
					<Add directory="include" />
				</Compiler>
			</Target>
			<Target title="Release">
				<Option output="bin/Release/hgrinder" prefix_auto="1" extension_auto="1" />
				<Option object_output="obj/Release/" />
				<Option type="0" />
				<Option compiler="gcc" />
				<Compiler>
					<Add option="-O2" />
					<Add directory="include" />
				</Compiler>
				<Linker>
					<Add option="-s" />
				</Linker>
			</Target>
		</Build>
		<Compiler>
			<Add option="-Wall" />
			<Add directory="C:/mingwlib/include/" />
		</Compiler>
		<Linker>
			<Add option="-lmingw32 -lSDL2main -lSDL2 -lSDL2_image -lSDL2_mixer" />
			<Add directory="C:/mingwlib/lib" />
		</Linker>
		<Unit filename="hgrinder.cpp" />
		<Unit filename="include/hgbackground.h" />
		<Unit filename="include/hgdata.h" />
		<Unit filename="include/hgdate.h" />
		<Unit filename="include/hgmenu.h" />
		<Unit filename="include/hgmenudata.h" />
		<Unit filename="include/hgmessage.h" />
		<Unit filename="include/hgmsgdata.h" />
		<Unit filename="include/hgobject.h" />
		<Unit filename="include/hgscript.h" />
		<Unit filename="include/hgsdl2.h" />
		<Unit filename="include/hgsprdata.h" />
		<Unit filename="include/hgsprite.h" />
		<Unit filename="include/hgstats.h" />
		<Unit filename="include/hgtexture.h" />
		<Unit filename="src/hgbackground.cpp" />
		<Unit filename="src/hgdata.cpp" />
		<Unit filename="src/hgdate.cpp" />
		<Unit filename="src/hgmenu.cpp" />
		<Unit filename="src/hgmenudata.cpp" />
		<Unit filename="src/hgmessage.cpp" />
		<Unit filename="src/hgmsgdata.cpp" />
		<Unit filename="src/hgscript.cpp" />
		<Unit filename="src/hgsdl2.cpp" />
		<Unit filename="src/hgsprdata.cpp" />
		<Unit filename="src/hgsprite.cpp" />
		<Unit filename="src/hgstats.cpp" />
		<Unit filename="src/hgtexture.cpp" />
		<Extensions>
			<code_completion />
			<envvars />
			<debugger />
		</Extensions>
	</Project>
</CodeBlocks_project_file>
